
Microsoft Visual Studio Solution File, Format Version 12.00
# Visual Studio Version 17
VisualStudioVersion = 17.2.32516.85
MinimumVisualStudioVersion = 10.0.40219.1
Project("{FAE04EC0-301F-11D3-BF4B-00C04F79EFBC}") = "ais_funeralAgency", "ais_funeralAgency\ais_funeralAgency.csproj", "{307944F6-F846-45C4-8AE6-35C546D4D63E}"
EndProject
Global
	GlobalSection(SolutionConfigurationPlatforms) = preSolution
		Debug|Any CPU = Debug|Any CPU
		Release|Any CPU = Release|Any CPU
	EndGlobalSection
	GlobalSection(ProjectConfigurationPlatforms) = postSolution
		{307944F6-F846-45C4-8AE6-35C546D4D63E}.Debug|Any CPU.ActiveCfg = Debug|Any CPU
		{307944F6-F846-45C4-8AE6-35C546D4D63E}.Debug|Any CPU.Build.0 = Debug|Any CPU
		{307944F6-F846-45C4-8AE6-35C546D4D63E}.Release|Any CPU.ActiveCfg = Release|Any CPU
		{307944F6-F846-45C4-8AE6-35C546D4D63E}.Release|Any CPU.Build.0 = Release|Any CPU
	EndGlobalSection
	GlobalSection(SolutionProperties) = preSolution
		HideSolutionNode = FALSE
	EndGlobalSection
	GlobalSection(ExtensibilityGlobals) = postSolution
		SolutionGuid = {625FB631-0BB4-45FE-B480-12769813569D}
	EndGlobalSection
EndGlobal
